
Microsoft Visual Studio Solution File, Format Version 12.00
# Visual Studio 15
VisualStudioVersion = 15.0.28010.2046
MinimumVisualStudioVersion = 10.0.40219.1
Project("{2150E333-8FDC-42A3-9474-1A3956D46DE8}") = "Domain", "Domain", "{92DE1658-2E42-4BF5-A540-8518884BBCA3}"
EndProject
Project("{2150E333-8FDC-42A3-9474-1A3956D46DE8}") = "ImportService", "ImportService", "{B1BE0437-90F1-40CA-9A3E-E0DD2AC0338E}"
EndProject
Project("{2150E333-8FDC-42A3-9474-1A3956D46DE8}") = "ConsoleApp", "ConsoleApp", "{FF6E41DB-F28F-4855-908C-9A5B67EA4CDE}"
EndProject
Project("{2150E333-8FDC-42A3-9474-1A3956D46DE8}") = "TheMovieDb", "TheMovieDb", "{1B804E7A-FA43-4B70-9C3C-BC608E7B5D55}"
EndProject
Project("{2150E333-8FDC-42A3-9474-1A3956D46DE8}") = "TheTvDb", "TheTvDb", "{1A80774C-F69C-4604-9325-9C09C9012583}"
EndProject
Project("{9A19103F-16F7-4668-BE54-9A1E7A4F7556}") = "ImportService.ConsoleApp", "ImportService\ConsoleApp\ImportService.ConsoleApp\ImportService.ConsoleApp.csproj", "{8A104645-2320-4A7A-B0AF-66E0D5299228}"
EndProject
Project("{9A19103F-16F7-4668-BE54-9A1E7A4F7556}") = "ImportService.Worker", "ImportService\ConsoleApp\ImportService.Worker\ImportService.Worker.csproj", "{ED9F7787-092E-4590-8842-8B997C3F0EC2}"
EndProject
Project("{9A19103F-16F7-4668-BE54-9A1E7A4F7556}") = "ImportService.TheMovieDb.Api", "ImportService\TheMovieDb\ImportService.TheMovieDb.Api\ImportService.TheMovieDb.Api.csproj", "{A0F76242-0A25-4581-A058-A9AA4836CC1C}"
EndProject
Project("{9A19103F-16F7-4668-BE54-9A1E7A4F7556}") = "ImportService.TheMovieDb.Converter", "ImportService\TheMovieDb\ImportService.TheMovieDb.Converter\ImportService.TheMovieDb.Converter.csproj", "{3A0DDF94-B8DE-404A-AD9A-225060A4D709}"
EndProject
Project("{9A19103F-16F7-4668-BE54-9A1E7A4F7556}") = "ImportService.TheTvDb.Converter", "ImportService\TheTvDb\ImportService.TheTvDb.Converter\ImportService.TheTvDb.Converter.csproj", "{304D3652-E4D3-4F10-9D2B-5D69C901EA3D}"
EndProject
Project("{9A19103F-16F7-4668-BE54-9A1E7A4F7556}") = "ImportService.TheTvDb.Api", "ImportService\TheTvDb\ImportService.TheTvDbApi\ImportService.TheTvDb.Api.csproj", "{2216FD65-BEAF-42B9-B35D-2FD5406A2080}"
EndProject
Project("{2150E333-8FDC-42A3-9474-1A3956D46DE8}") = "Test", "Test", "{E761D5EF-57DE-41C5-8E72-9329C9BA2106}"
EndProject
Project("{9A19103F-16F7-4668-BE54-9A1E7A4F7556}") = "ImportService.TheMovieDbTest", "ImportService\Test\ImportService.TheMovieDbTest\ImportService.TheMovieDbTest.csproj", "{8579BFDF-FDE2-437E-8294-75CFC558C717}"
EndProject
Project("{9A19103F-16F7-4668-BE54-9A1E7A4F7556}") = "ImportService.TheTvDbTest", "ImportService\Test\ImportService.TheTvDbTest\ImportService.TheTvDbTest.csproj", "{DF6C7A5E-F7E9-447C-A294-AFCCB1D3E543}"
EndProject
Project("{2150E333-8FDC-42A3-9474-1A3956D46DE8}") = "MyTvSeriesDomain", "MyTvSeriesDomain", "{17E5C44C-45C7-4237-B7C6-D9423C436026}"
EndProject
Project("{9A19103F-16F7-4668-BE54-9A1E7A4F7556}") = "MyTvSeries.Domain.Ef", "Domain\MyTvSeriesDomain\MyTvSeries.Domain.EF\MyTvSeries.Domain.Ef.csproj", "{C6FB2520-259F-4D55-9395-F7F8459280CD}"
EndProject
Project("{9A19103F-16F7-4668-BE54-9A1E7A4F7556}") = "MyTvSeries.Domain", "Domain\MyTvSeriesDomain\MyTvSeries.Entities\MyTvSeries.Domain.csproj", "{3984AD29-65E1-474C-96DE-1ECFA0FFAE6E}"
EndProject
Project("{2150E333-8FDC-42A3-9474-1A3956D46DE8}") = "Framework", "Framework", "{D83C144A-DEB4-4B5E-B2B4-62D1F1B5804D}"
EndProject
Project("{FAE04EC0-301F-11D3-BF4B-00C04F79EFBC}") = "MyTvSeries.Framework", "Framework\MyTvSeries.Framework\MyTvSeries.Framework.csproj", "{B0A2CBDC-ED34-400C-9666-658F56D417EA}"
EndProject
Global
	GlobalSection(SolutionConfigurationPlatforms) = preSolution
		Debug|Any CPU = Debug|Any CPU
		Release|Any CPU = Release|Any CPU
	EndGlobalSection
	GlobalSection(ProjectConfigurationPlatforms) = postSolution
		{8A104645-2320-4A7A-B0AF-66E0D5299228}.Debug|Any CPU.ActiveCfg = Debug|Any CPU
		{8A104645-2320-4A7A-B0AF-66E0D5299228}.Debug|Any CPU.Build.0 = Debug|Any CPU
		{8A104645-2320-4A7A-B0AF-66E0D5299228}.Release|Any CPU.ActiveCfg = Release|Any CPU
		{8A104645-2320-4A7A-B0AF-66E0D5299228}.Release|Any CPU.Build.0 = Release|Any CPU
		{ED9F7787-092E-4590-8842-8B997C3F0EC2}.Debug|Any CPU.ActiveCfg = Debug|Any CPU
		{ED9F7787-092E-4590-8842-8B997C3F0EC2}.Debug|Any CPU.Build.0 = Debug|Any CPU
		{ED9F7787-092E-4590-8842-8B997C3F0EC2}.Release|Any CPU.ActiveCfg = Release|Any CPU
		{ED9F7787-092E-4590-8842-8B997C3F0EC2}.Release|Any CPU.Build.0 = Release|Any CPU
		{A0F76242-0A25-4581-A058-A9AA4836CC1C}.Debug|Any CPU.ActiveCfg = Debug|Any CPU
		{A0F76242-0A25-4581-A058-A9AA4836CC1C}.Debug|Any CPU.Build.0 = Debug|Any CPU
		{A0F76242-0A25-4581-A058-A9AA4836CC1C}.Release|Any CPU.ActiveCfg = Release|Any CPU
		{A0F76242-0A25-4581-A058-A9AA4836CC1C}.Release|Any CPU.Build.0 = Release|Any CPU
		{3A0DDF94-B8DE-404A-AD9A-225060A4D709}.Debug|Any CPU.ActiveCfg = Debug|Any CPU
		{3A0DDF94-B8DE-404A-AD9A-225060A4D709}.Debug|Any CPU.Build.0 = Debug|Any CPU
		{3A0DDF94-B8DE-404A-AD9A-225060A4D709}.Release|Any CPU.ActiveCfg = Release|Any CPU
		{3A0DDF94-B8DE-404A-AD9A-225060A4D709}.Release|Any CPU.Build.0 = Release|Any CPU
		{304D3652-E4D3-4F10-9D2B-5D69C901EA3D}.Debug|Any CPU.ActiveCfg = Debug|Any CPU
		{304D3652-E4D3-4F10-9D2B-5D69C901EA3D}.Debug|Any CPU.Build.0 = Debug|Any CPU
		{304D3652-E4D3-4F10-9D2B-5D69C901EA3D}.Release|Any CPU.ActiveCfg = Release|Any CPU
		{304D3652-E4D3-4F10-9D2B-5D69C901EA3D}.Release|Any CPU.Build.0 = Release|Any CPU
		{2216FD65-BEAF-42B9-B35D-2FD5406A2080}.Debug|Any CPU.ActiveCfg = Debug|Any CPU
		{2216FD65-BEAF-42B9-B35D-2FD5406A2080}.Debug|Any CPU.Build.0 = Debug|Any CPU
		{2216FD65-BEAF-42B9-B35D-2FD5406A2080}.Release|Any CPU.ActiveCfg = Release|Any CPU
		{2216FD65-BEAF-42B9-B35D-2FD5406A2080}.Release|Any CPU.Build.0 = Release|Any CPU
		{8579BFDF-FDE2-437E-8294-75CFC558C717}.Debug|Any CPU.ActiveCfg = Debug|Any CPU
		{8579BFDF-FDE2-437E-8294-75CFC558C717}.Debug|Any CPU.Build.0 = Debug|Any CPU
		{8579BFDF-FDE2-437E-8294-75CFC558C717}.Release|Any CPU.ActiveCfg = Release|Any CPU
		{8579BFDF-FDE2-437E-8294-75CFC558C717}.Release|Any CPU.Build.0 = Release|Any CPU
		{DF6C7A5E-F7E9-447C-A294-AFCCB1D3E543}.Debug|Any CPU.ActiveCfg = Debug|Any CPU
		{DF6C7A5E-F7E9-447C-A294-AFCCB1D3E543}.Debug|Any CPU.Build.0 = Debug|Any CPU
		{DF6C7A5E-F7E9-447C-A294-AFCCB1D3E543}.Release|Any CPU.ActiveCfg = Release|Any CPU
		{DF6C7A5E-F7E9-447C-A294-AFCCB1D3E543}.Release|Any CPU.Build.0 = Release|Any CPU
		{C6FB2520-259F-4D55-9395-F7F8459280CD}.Debug|Any CPU.ActiveCfg = Debug|Any CPU
		{C6FB2520-259F-4D55-9395-F7F8459280CD}.Debug|Any CPU.Build.0 = Debug|Any CPU
		{C6FB2520-259F-4D55-9395-F7F8459280CD}.Release|Any CPU.ActiveCfg = Release|Any CPU
		{C6FB2520-259F-4D55-9395-F7F8459280CD}.Release|Any CPU.Build.0 = Release|Any CPU
		{3984AD29-65E1-474C-96DE-1ECFA0FFAE6E}.Debug|Any CPU.ActiveCfg = Debug|Any CPU
		{3984AD29-65E1-474C-96DE-1ECFA0FFAE6E}.Debug|Any CPU.Build.0 = Debug|Any CPU
		{3984AD29-65E1-474C-96DE-1ECFA0FFAE6E}.Release|Any CPU.ActiveCfg = Release|Any CPU
		{3984AD29-65E1-474C-96DE-1ECFA0FFAE6E}.Release|Any CPU.Build.0 = Release|Any CPU
		{B0A2CBDC-ED34-400C-9666-658F56D417EA}.Debug|Any CPU.ActiveCfg = Debug|Any CPU
		{B0A2CBDC-ED34-400C-9666-658F56D417EA}.Debug|Any CPU.Build.0 = Debug|Any CPU
		{B0A2CBDC-ED34-400C-9666-658F56D417EA}.Release|Any CPU.ActiveCfg = Release|Any CPU
		{B0A2CBDC-ED34-400C-9666-658F56D417EA}.Release|Any CPU.Build.0 = Release|Any CPU
	EndGlobalSection
	GlobalSection(SolutionProperties) = preSolution
		HideSolutionNode = FALSE
	EndGlobalSection
	GlobalSection(NestedProjects) = preSolution
		{FF6E41DB-F28F-4855-908C-9A5B67EA4CDE} = {B1BE0437-90F1-40CA-9A3E-E0DD2AC0338E}
		{1B804E7A-FA43-4B70-9C3C-BC608E7B5D55} = {B1BE0437-90F1-40CA-9A3E-E0DD2AC0338E}
		{1A80774C-F69C-4604-9325-9C09C9012583} = {B1BE0437-90F1-40CA-9A3E-E0DD2AC0338E}
		{8A104645-2320-4A7A-B0AF-66E0D5299228} = {FF6E41DB-F28F-4855-908C-9A5B67EA4CDE}
		{ED9F7787-092E-4590-8842-8B997C3F0EC2} = {FF6E41DB-F28F-4855-908C-9A5B67EA4CDE}
		{A0F76242-0A25-4581-A058-A9AA4836CC1C} = {1B804E7A-FA43-4B70-9C3C-BC608E7B5D55}
		{3A0DDF94-B8DE-404A-AD9A-225060A4D709} = {1B804E7A-FA43-4B70-9C3C-BC608E7B5D55}
		{304D3652-E4D3-4F10-9D2B-5D69C901EA3D} = {1A80774C-F69C-4604-9325-9C09C9012583}
		{2216FD65-BEAF-42B9-B35D-2FD5406A2080} = {1A80774C-F69C-4604-9325-9C09C9012583}
		{E761D5EF-57DE-41C5-8E72-9329C9BA2106} = {B1BE0437-90F1-40CA-9A3E-E0DD2AC0338E}
		{8579BFDF-FDE2-437E-8294-75CFC558C717} = {E761D5EF-57DE-41C5-8E72-9329C9BA2106}
		{DF6C7A5E-F7E9-447C-A294-AFCCB1D3E543} = {E761D5EF-57DE-41C5-8E72-9329C9BA2106}
		{17E5C44C-45C7-4237-B7C6-D9423C436026} = {92DE1658-2E42-4BF5-A540-8518884BBCA3}
		{C6FB2520-259F-4D55-9395-F7F8459280CD} = {17E5C44C-45C7-4237-B7C6-D9423C436026}
		{3984AD29-65E1-474C-96DE-1ECFA0FFAE6E} = {17E5C44C-45C7-4237-B7C6-D9423C436026}
		{B0A2CBDC-ED34-400C-9666-658F56D417EA} = {D83C144A-DEB4-4B5E-B2B4-62D1F1B5804D}
	EndGlobalSection
	GlobalSection(ExtensibilityGlobals) = postSolution
		SolutionGuid = {39BA06E6-2084-4BBA-A534-98C22B8AB0EC}
	EndGlobalSection
EndGlobal
